
Microsoft Visual Studio Solution File, Format Version 12.00
# Visual Studio Version 16
VisualStudioVersion = 16.0.28803.156
MinimumVisualStudioVersion = 10.0.40219.1
Project("{FAE04EC0-301F-11D3-BF4B-00C04F79EFBC}") = "Smart-Room", "Smart-Room\Smart-Room.csproj", "{1857F9CE-0B18-44C9-9D73-6CF1E081797D}"
EndProject
Global
	GlobalSection(SolutionConfigurationPlatforms) = preSolution
		Debug|Any CPU = Debug|Any CPU
		Release|Any CPU = Release|Any CPU
	EndGlobalSection
	GlobalSection(ProjectConfigurationPlatforms) = postSolution
		{1857F9CE-0B18-44C9-9D73-6CF1E081797D}.Debug|Any CPU.ActiveCfg = Debug|Any CPU
		{1857F9CE-0B18-44C9-9D73-6CF1E081797D}.Debug|Any CPU.Build.0 = Debug|Any CPU
		{1857F9CE-0B18-44C9-9D73-6CF1E081797D}.Release|Any CPU.ActiveCfg = Release|Any CPU
		{1857F9CE-0B18-44C9-9D73-6CF1E081797D}.Release|Any CPU.Build.0 = Release|Any CPU
	EndGlobalSection
	GlobalSection(SolutionProperties) = preSolution
		HideSolutionNode = FALSE
	EndGlobalSection
	GlobalSection(ExtensibilityGlobals) = postSolution
		SolutionGuid = {0F82BD41-C6E0-46C2-AB3C-D13D0E4A4F91}
	EndGlobalSection
EndGlobal
